lockfileVersion: '9.0'

settings:
  autoInstallPeers: true
  excludeLinksFromLockfile: false

importers:

  .:
    devDependencies:
      '@kingdomsconnected/types':
        specifier: 1.6.4
        version: 1.6.4
      typescript:
        specifier: 5.9.3
        version: 5.9.3

packages:

  '@kingdomsconnected/types@1.6.4':
    resolution: {integrity: sha512-WvIpSWEmpwwdvtZHOO0Q+gWDXdkBMB/YP6zM2B75RgGTcICH0LrI78aduxjdduX7EuYzG0Oo9L1ZvVZvo/wBhQ==}

  typescript@5.9.3:
    resolution: {integrity: sha512-jl1vZzPDinLr9eUt3J/t7V6FgNEw9QjvBPdysz9KfQDD41fQrC2Y4vKQdiaUpFT4bXlb1RHhLpp8wtm6M5TgSw==}
    engines: {node: '>=14.17'}
    hasBin: true

snapshots:

  '@kingdomsconnected/types@1.6.4': {}

  typescript@5.9.3: {}
